
Microsoft Visual Studio Solution File, Format Version 12.00
# Visual Studio Version 17
VisualStudioVersion = 17.4.33205.214
MinimumVisualStudioVersion = 10.0.40219.1
Project("{FAE04EC0-301F-11D3-BF4B-00C04F79EFBC}") = "JobSample", "JobSample.csproj", "{9E70460B-02EE-4C5B-AEAE-59779D028519}"
EndProject
Global
	GlobalSection(SolutionConfigurationPlatforms) = preSolution
		Debug|Any CPU = Debug|Any CPU
		Release|Any CPU = Release|Any CPU
	EndGlobalSection
	GlobalSection(ProjectConfigurationPlatforms) = postSolution
		{9E70460B-02EE-4C5B-AEAE-59779D028519}.Debug|Any CPU.ActiveCfg = Debug|Any CPU
		{9E70460B-02EE-4C5B-AEAE-59779D028519}.Debug|Any CPU.Build.0 = Debug|Any CPU
		{9E70460B-02EE-4C5B-AEAE-59779D028519}.Release|Any CPU.ActiveCfg = Release|Any CPU
		{9E70460B-02EE-4C5B-AEAE-59779D028519}.Release|Any CPU.Build.0 = Release|Any CPU
	EndGlobalSection
	GlobalSection(SolutionProperties) = preSolution
		HideSolutionNode = FALSE
	EndGlobalSection
	GlobalSection(ExtensibilityGlobals) = postSolution
		SolutionGuid = {7BFF6CD2-5AD5-49A7-AE10-61507CE91B32}
	EndGlobalSection
EndGlobal
